<?xml version="1.0" encoding="utf-8"?>
<Project ToolsVersion="4.0" xmlns="http://schemas.microsoft.com/developer/msbuild/2003">
  <ItemGroup>
    <Filter Include="Source Files">
      <UniqueIdentifier>{7f7d00f6-363a-449d-a97c-f7994bcbb011}</UniqueIdentifier>
      <Extensions>*.c</Extensions>
    </Filter>
    <Filter Include="Header Files">
      <UniqueIdentifier>{fc4a45ee-03f2-4190-9f63-5d47c3b8e2e0}</UniqueIdentifier>
      <Extensions>*.h</Extensions>
    </Filter>
    <Filter Include="Kornic Library">
      <UniqueIdentifier>{3536af24-cca0-41a1-8993-e5bd274e9ef4}</UniqueIdentifier>
    </Filter>
  </ItemGroup>
  <ItemGroup>
    <ClCompile Include="Source\Camera_Base.c">
      <Filter>Source Files</Filter>
    </ClCompile>
    <ClCompile Include="Source\Fine_Tune.c">
      <Filter>Source Files</Filter>
    </ClCompile>
    <ClCompile Include="Source\Mtl_Recv.c">
      <Filter>Source Files</Filter>
    </ClCompile>
    <ClCompile Include="Source\Mtl_Recv_Sub.c">
      <Filter>Source Files</Filter>
    </ClCompile>
    <ClCompile Include="Source\prg_code.c">
      <Filter>Source Files</Filter>
    </ClCompile>
    <ClCompile Include="Source\Sys_Align.c">
      <Filter>Source Files</Filter>
    </ClCompile>
    <ClCompile Include="Source\Transfer.c">
      <Filter>Source Files</Filter>
    </ClCompile>
    <ClCompile Include="Source\usr_code.c">
      <Filter>Source Files</Filter>
    </ClCompile>
  </ItemGroup>
  <ItemGroup>
    <ClInclude Include="H\Camera_Base.h">
      <Filter>Header Files</Filter>
    </ClInclude>
    <ClInclude Include="H\Fine_Tune.h">
      <Filter>Header Files</Filter>
    </ClInclude>
    <ClInclude Include="H\iodefine.h">
      <Filter>Header Files</Filter>
    </ClInclude>
    <ClInclude Include="H\Mtl_Recv.h">
      <Filter>Header Files</Filter>
    </ClInclude>
    <ClInclude Include="H\Mtl_Recv_Sub.h">
      <Filter>Header Files</Filter>
    </ClInclude>
    <ClInclude Include="resource.h">
      <Filter>Header Files</Filter>
    </ClInclude>
    <ClInclude Include="H\Sys_Align.h">
      <Filter>Header Files</Filter>
    </ClInclude>
    <ClInclude Include="H\Transfer.h">
      <Filter>Header Files</Filter>
    </ClInclude>
  </ItemGroup>
  <ItemGroup>
    <Library Include="K:\lib\kutlAnal.lib">
      <Filter>Kornic Library</Filter>
    </Library>
    <Library Include="K:\lib\kutlEtc.lib">
      <Filter>Kornic Library</Filter>
    </Library>
    <Library Include="K:\lib\kutlFile.lib">
      <Filter>Kornic Library</Filter>
    </Library>
    <Library Include="K:\lib\kutlStr.lib">
      <Filter>Kornic Library</Filter>
    </Library>
    <Library Include="K:\lib\kutlTime.lib">
      <Filter>Kornic Library</Filter>
    </Library>
  </ItemGroup>
  <ItemGroup>
    <ResourceCompile Include="resource.rc" />
  </ItemGroup>
</Project>